
Microsoft Visual Studio Solution File, Format Version 12.00
# Visual Studio Version 16
VisualStudioVersion = 16.0.36422.26
MinimumVisualStudioVersion = 10.0.40219.1
Project("{FAE04EC0-301F-11D3-BF4B-00C04F79EFBC}") = "ARGLINK_REWRITE", "ARGLINK_REWRITE\ARGLINK_REWRITE.csproj", "{E93CC78D-682B-4853-8663-9C2418627747}"
EndProject
Project("{FAE04EC0-301F-11D3-BF4B-00C04F79EFBC}") = "OOTD", "OOTD\OOTD.csproj", "{2E6AEEDC-69DF-4E11-AECA-DE0EA3473148}"
EndProject
Project("{8BC9CEB8-8B4A-11D0-8D11-00A0C91BC942}") = "arglinkr", "arglinkr\arglinkr.vcxproj", "{7B2C3591-65D3-439D-8329-A3FC347FD2A1}"
EndProject
Project("{FAE04EC0-301F-11D3-BF4B-00C04F79EFBC}") = "ClassifySobjStrings", "ClassifySobjStrings\ClassifySobjStrings.csproj", "{B31BB3E0-E25B-4FC0-B562-2CBAA654B6AB}"
EndProject
Project("{2150E333-8FDC-42A3-9474-1A3956D46DE8}") = "Docs", "Docs", "{BA1FE034-0EB1-4E88-BEFD-B1416DD4CF2A}"
	ProjectSection(SolutionItems) = preProject
		README.md = README.md
	EndProjectSection
EndProject
Global
	GlobalSection(SolutionConfigurationPlatforms) = preSolution
		Debug|Any CPU = Debug|Any CPU
		Debug|x64 = Debug|x64
		Debug|x86 = Debug|x86
		Release|Any CPU = Release|Any CPU
		Release|x64 = Release|x64
		Release|x86 = Release|x86
	EndGlobalSection
	GlobalSection(ProjectConfigurationPlatforms) = postSolution
		{E93CC78D-682B-4853-8663-9C2418627747}.Debug|Any CPU.ActiveCfg = Debug|Any CPU
		{E93CC78D-682B-4853-8663-9C2418627747}.Debug|Any CPU.Build.0 = Debug|Any CPU
		{E93CC78D-682B-4853-8663-9C2418627747}.Debug|x64.ActiveCfg = Debug|Any CPU
		{E93CC78D-682B-4853-8663-9C2418627747}.Debug|x64.Build.0 = Debug|Any CPU
		{E93CC78D-682B-4853-8663-9C2418627747}.Debug|x86.ActiveCfg = Debug|Any CPU
		{E93CC78D-682B-4853-8663-9C2418627747}.Debug|x86.Build.0 = Debug|Any CPU
		{E93CC78D-682B-4853-8663-9C2418627747}.Release|Any CPU.ActiveCfg = Release|Any CPU
		{E93CC78D-682B-4853-8663-9C2418627747}.Release|Any CPU.Build.0 = Release|Any CPU
		{E93CC78D-682B-4853-8663-9C2418627747}.Release|x64.ActiveCfg = Release|Any CPU
		{E93CC78D-682B-4853-8663-9C2418627747}.Release|x64.Build.0 = Release|Any CPU
		{E93CC78D-682B-4853-8663-9C2418627747}.Release|x86.ActiveCfg = Release|Any CPU
		{E93CC78D-682B-4853-8663-9C2418627747}.Release|x86.Build.0 = Release|Any CPU
		{2E6AEEDC-69DF-4E11-AECA-DE0EA3473148}.Debug|Any CPU.ActiveCfg = Debug|Any CPU
		{2E6AEEDC-69DF-4E11-AECA-DE0EA3473148}.Debug|Any CPU.Build.0 = Debug|Any CPU
		{2E6AEEDC-69DF-4E11-AECA-DE0EA3473148}.Debug|x64.ActiveCfg = Debug|Any CPU
		{2E6AEEDC-69DF-4E11-AECA-DE0EA3473148}.Debug|x64.Build.0 = Debug|Any CPU
		{2E6AEEDC-69DF-4E11-AECA-DE0EA3473148}.Debug|x86.ActiveCfg = Debug|Any CPU
		{2E6AEEDC-69DF-4E11-AECA-DE0EA3473148}.Debug|x86.Build.0 = Debug|Any CPU
		{2E6AEEDC-69DF-4E11-AECA-DE0EA3473148}.Release|Any CPU.ActiveCfg = Release|Any CPU
		{2E6AEEDC-69DF-4E11-AECA-DE0EA3473148}.Release|Any CPU.Build.0 = Release|Any CPU
		{2E6AEEDC-69DF-4E11-AECA-DE0EA3473148}.Release|x64.ActiveCfg = Release|Any CPU
		{2E6AEEDC-69DF-4E11-AECA-DE0EA3473148}.Release|x64.Build.0 = Release|Any CPU
		{2E6AEEDC-69DF-4E11-AECA-DE0EA3473148}.Release|x86.ActiveCfg = Release|Any CPU
		{2E6AEEDC-69DF-4E11-AECA-DE0EA3473148}.Release|x86.Build.0 = Release|Any CPU
		{7B2C3591-65D3-439D-8329-A3FC347FD2A1}.Debug|Any CPU.ActiveCfg = Debug|Win32
		{7B2C3591-65D3-439D-8329-A3FC347FD2A1}.Debug|x64.ActiveCfg = Debug|x64
		{7B2C3591-65D3-439D-8329-A3FC347FD2A1}.Debug|x64.Build.0 = Debug|x64
		{7B2C3591-65D3-439D-8329-A3FC347FD2A1}.Debug|x86.ActiveCfg = Debug|Win32
		{7B2C3591-65D3-439D-8329-A3FC347FD2A1}.Debug|x86.Build.0 = Debug|Win32
		{7B2C3591-65D3-439D-8329-A3FC347FD2A1}.Release|Any CPU.ActiveCfg = Release|Win32
		{7B2C3591-65D3-439D-8329-A3FC347FD2A1}.Release|x64.ActiveCfg = Release|x64
		{7B2C3591-65D3-439D-8329-A3FC347FD2A1}.Release|x64.Build.0 = Release|x64
		{7B2C3591-65D3-439D-8329-A3FC347FD2A1}.Release|x86.ActiveCfg = Release|Win32
		{7B2C3591-65D3-439D-8329-A3FC347FD2A1}.Release|x86.Build.0 = Release|Win32
		{B31BB3E0-E25B-4FC0-B562-2CBAA654B6AB}.Debug|Any CPU.ActiveCfg = Debug|Any CPU
		{B31BB3E0-E25B-4FC0-B562-2CBAA654B6AB}.Debug|Any CPU.Build.0 = Debug|Any CPU
		{B31BB3E0-E25B-4FC0-B562-2CBAA654B6AB}.Debug|x64.ActiveCfg = Debug|Any CPU
		{B31BB3E0-E25B-4FC0-B562-2CBAA654B6AB}.Debug|x64.Build.0 = Debug|Any CPU
		{B31BB3E0-E25B-4FC0-B562-2CBAA654B6AB}.Debug|x86.ActiveCfg = Debug|Any CPU
		{B31BB3E0-E25B-4FC0-B562-2CBAA654B6AB}.Debug|x86.Build.0 = Debug|Any CPU
		{B31BB3E0-E25B-4FC0-B562-2CBAA654B6AB}.Release|Any CPU.ActiveCfg = Release|Any CPU
		{B31BB3E0-E25B-4FC0-B562-2CBAA654B6AB}.Release|Any CPU.Build.0 = Release|Any CPU
		{B31BB3E0-E25B-4FC0-B562-2CBAA654B6AB}.Release|x64.ActiveCfg = Release|Any CPU
		{B31BB3E0-E25B-4FC0-B562-2CBAA654B6AB}.Release|x64.Build.0 = Release|Any CPU
		{B31BB3E0-E25B-4FC0-B562-2CBAA654B6AB}.Release|x86.ActiveCfg = Release|Any CPU
		{B31BB3E0-E25B-4FC0-B562-2CBAA654B6AB}.Release|x86.Build.0 = Release|Any CPU
	EndGlobalSection
	GlobalSection(SolutionProperties) = preSolution
		HideSolutionNode = FALSE
	EndGlobalSection
	GlobalSection(ExtensibilityGlobals) = postSolution
		SolutionGuid = {B9817DDA-F108-40E1-BB17-3F359BC1A3F1}
	EndGlobalSection
EndGlobal
